// !$*UTF8*$!
{
	archiveVersion = 1;
	classes = {
	};
	objectVersion = 46;
	objects = {

/* Begin PBXBuildFile section */
		0743A1301DECDF3D00EAF6A3 /* MRDPrintView.xib in Resources */ = {isa = PBXBuildFile; fileRef = 0743A12F1DECDF3D00EAF6A3 /* MRDPrintView.xib */; };
		0743A1321DECEC7C00EAF6A3 /* MRDPrintView.swift in Sources */ = {isa = PBXBuildFile; fileRef = 0743A1311DECEC7C00EAF6A3 /* MRDPrintView.swift */; };
		076A21191DE64D5D00E7828D /* LaunchScreen.storyboard in Resources */ = {isa = PBXBuildFile; fileRef = 9630B5341DC495A00073B16D /* LaunchScreen.storyboard */; };
		0783F1BC203CC1D3008A4269 /* PHMRD.db in Resources */ = {isa = PBXBuildFile; fileRef = 0783F1BB203CC1D3008A4269 /* PHMRD.db */; };
		07E2DFC91DE500F400CBD7F2 /* Main.storyboard in Resources */ = {isa = PBXBuildFile; fileRef = 9630B52F1DC495A00073B16D /* Main.storyboard */; };
		07E6F3181DE9F387000EB387 /* MRDDetailsVC~iphone.xib in Resources */ = {isa = PBXBuildFile; fileRef = 07E6F3171DE9F387000EB387 /* MRDDetailsVC~iphone.xib */; };
		19019367F7E14C6D52D99846 /* Pods_MRHMRD.framework in Frameworks */ = {isa = PBXBuildFile; fileRef = EB08F32598A56B0B2E4E89B4 /* Pods_MRHMRD.framework */; };
		31D4D3F746051FF5F5921039 /* Pods_PizzaMRD.framework in Frameworks */ = {isa = PBXBuildFile; fileRef = DAB35DE2E93ED65670ED161D /* Pods_PizzaMRD.framework */; };
		4BB6C20F67EB9A1CC8B88A9B /* Pods_SWMRD.framework in Frameworks */ = {isa = PBXBuildFile; fileRef = 201F94BA7E80C815FA195A1B /* Pods_SWMRD.framework */; };
		9601ACA31DC7D67200FE3145 /* CoreData.framework in Frameworks */ = {isa = PBXBuildFile; fileRef = 9601ACA21DC7D67200FE3145 /* CoreData.framework */; };
		9601ACA61DC7E48000FE3145 /* SubCategoryVC.swift in Sources */ = {isa = PBXBuildFile; fileRef = 9601ACA51DC7E48000FE3145 /* SubCategoryVC.swift */; };
		9601ACA81DC7E49A00FE3145 /* SubCategoryVC.xib in Resources */ = {isa = PBXBuildFile; fileRef = 9601ACA71DC7E49A00FE3145 /* SubCategoryVC.xib */; };
		9601ACAA1DC7E5B500FE3145 /* SubCategoryVM.swift in Sources */ = {isa = PBXBuildFile; fileRef = 9601ACA91DC7E5B500FE3145 /* SubCategoryVM.swift */; };
		9601ACAC1DC7F6E800FE3145 /* SubCategoryCell.swift in Sources */ = {isa = PBXBuildFile; fileRef = 9601ACAB1DC7F6E800FE3145 /* SubCategoryCell.swift */; };
		9601ACAE1DC7F6F700FE3145 /* SubCategoryCell.xib in Resources */ = {isa = PBXBuildFile; fileRef = 9601ACAD1DC7F6F700FE3145 /* SubCategoryCell.xib */; };
		9601ACB01DC8049C00FE3145 /* SubCategoryOptions.xib in Resources */ = {isa = PBXBuildFile; fileRef = 9601ACAF1DC8049C00FE3145 /* SubCategoryOptions.xib */; };
		9601ACB21DC804B300FE3145 /* SubCategoryOptions.swift in Sources */ = {isa = PBXBuildFile; fileRef = 9601ACB11DC804B300FE3145 /* SubCategoryOptions.swift */; };
		9601ACB41DC8074A00FE3145 /* SubCategoryOptionCell.swift in Sources */ = {isa = PBXBuildFile; fileRef = 9601ACB31DC8074A00FE3145 /* SubCategoryOptionCell.swift */; };
		9601ACB61DC8075D00FE3145 /* SubCategoryOptionCell.xib in Resources */ = {isa = PBXBuildFile; fileRef = 9601ACB51DC8075D00FE3145 /* SubCategoryOptionCell.xib */; };
		9630B52C1DC495A00073B16D /* AppDelegate.swift in Sources */ = {isa = PBXBuildFile; fileRef = 9630B52B1DC495A00073B16D /* AppDelegate.swift */; };
		9630B52E1DC495A00073B16D /* ViewController.swift in Sources */ = {isa = PBXBuildFile; fileRef = 9630B52D1DC495A00073B16D /* ViewController.swift */; };
		9630B5331DC495A00073B16D /* Assets.xcassets in Resources */ = {isa = PBXBuildFile; fileRef = 9630B5321DC495A00073B16D /* Assets.xcassets */; };
		9630B5421DC496BE0073B16D /* Fonts in Resources */ = {isa = PBXBuildFile; fileRef = 9630B5411DC496BD0073B16D /* Fonts */; };
		9630B5471DC49BE30073B16D /* CategoriesCell.swift in Sources */ = {isa = PBXBuildFile; fileRef = 9630B5451DC49BE30073B16D /* CategoriesCell.swift */; };
		9630B5481DC49BE30073B16D /* CategoriesCell.xib in Resources */ = {isa = PBXBuildFile; fileRef = 9630B5461DC49BE30073B16D /* CategoriesCell.xib */; };
		9630B54A1DC49C8E0073B16D /* CategoriesVM.swift in Sources */ = {isa = PBXBuildFile; fileRef = 9630B5491DC49C8E0073B16D /* CategoriesVM.swift */; };
		9635D8E11DCADBA000E668EE /* PrintLabelView.xib in Resources */ = {isa = PBXBuildFile; fileRef = 9635D8E01DCADBA000E668EE /* PrintLabelView.xib */; };
		9635D8E31DCADBB000E668EE /* PrintLabelView.swift in Sources */ = {isa = PBXBuildFile; fileRef = 9635D8E21DCADBB000E668EE /* PrintLabelView.swift */; };
		96451CB420535F9A00A7522F /* MRHMRD.xcassets in Resources */ = {isa = PBXBuildFile; fileRef = 96451CB220535F9000A7522F /* MRHMRD.xcassets */; };
		96451CB62053693B00A7522F /* SWMRD.xcassets in Resources */ = {isa = PBXBuildFile; fileRef = 96451CB52053693A00A7522F /* SWMRD.xcassets */; };
		96D44C201DC6106600753A30 /* DataStack.swift in Sources */ = {isa = PBXBuildFile; fileRef = 96D44C1F1DC6106600753A30 /* DataStack.swift */; };
		96DB258B1DCA9FBE0040E2A2 /* DateHelper.swift in Sources */ = {isa = PBXBuildFile; fileRef = 96DB258A1DCA9FBE0040E2A2 /* DateHelper.swift */; };
		96E416391DC93A2D00939B62 /* SubCategoryOptionsVM.swift in Sources */ = {isa = PBXBuildFile; fileRef = 96E416381DC93A2D00939B62 /* SubCategoryOptionsVM.swift */; };
		96E4163B1DC9511C00939B62 /* AlertWindowView.swift in Sources */ = {isa = PBXBuildFile; fileRef = 96E4163A1DC9511C00939B62 /* AlertWindowView.swift */; };
		96E416401DC95B2000939B62 /* MRDDetailsVC~ipad.xib in Resources */ = {isa = PBXBuildFile; fileRef = 96E4163F1DC95B2000939B62 /* MRDDetailsVC~ipad.xib */; };
		96E416421DC95B5500939B62 /* MRDDetailsVC.swift in Sources */ = {isa = PBXBuildFile; fileRef = 96E416411DC95B5500939B62 /* MRDDetailsVC.swift */; };
		96E416441DC95BB500939B62 /* MRDDetailsVM.swift in Sources */ = {isa = PBXBuildFile; fileRef = 96E416431DC95BB500939B62 /* MRDDetailsVM.swift */; };
		F1EC2EA520444E7800B290B0 /* MRDDetailsVM.swift in Sources */ = {isa = PBXBuildFile; fileRef = 96E416431DC95BB500939B62 /* MRDDetailsVM.swift */; };
		F1EC2EA620444E7800B290B0 /* SubCategoryOptionsVM.swift in Sources */ = {isa = PBXBuildFile; fileRef = 96E416381DC93A2D00939B62 /* SubCategoryOptionsVM.swift */; };
		F1EC2EA720444E7800B290B0 /* PrintLabelView.swift in Sources */ = {isa = PBXBuildFile; fileRef = 9635D8E21DCADBB000E668EE /* PrintLabelView.swift */; };
		F1EC2EA820444E7800B290B0 /* CategoriesCell.swift in Sources */ = {isa = PBXBuildFile; fileRef = 9630B5451DC49BE30073B16D /* CategoriesCell.swift */; };
		F1EC2EA920444E7800B290B0 /* SubCategoryOptions.swift in Sources */ = {isa = PBXBuildFile; fileRef = 9601ACB11DC804B300FE3145 /* SubCategoryOptions.swift */; };
		F1EC2EAA20444E7800B290B0 /* MRDDetailsVC.swift in Sources */ = {isa = PBXBuildFile; fileRef = 96E416411DC95B5500939B62 /* MRDDetailsVC.swift */; };
		F1EC2EAB20444E7800B290B0 /* MRDPrintView.swift in Sources */ = {isa = PBXBuildFile; fileRef = 0743A1311DECEC7C00EAF6A3 /* MRDPrintView.swift */; };
		F1EC2EAC20444E7800B290B0 /* SubCategoryVM.swift in Sources */ = {isa = PBXBuildFile; fileRef = 9601ACA91DC7E5B500FE3145 /* SubCategoryVM.swift */; };
		F1EC2EAD20444E7800B290B0 /* SubCategoryOptionCell.swift in Sources */ = {isa = PBXBuildFile; fileRef = 9601ACB31DC8074A00FE3145 /* SubCategoryOptionCell.swift */; };
		F1EC2EAE20444E7800B290B0 /* AlertWindowView.swift in Sources */ = {isa = PBXBuildFile; fileRef = 96E4163A1DC9511C00939B62 /* AlertWindowView.swift */; };
		F1EC2EAF20444E7800B290B0 /* ViewController.swift in Sources */ = {isa = PBXBuildFile; fileRef = 9630B52D1DC495A00073B16D /* ViewController.swift */; };
		F1EC2EB020444E7800B290B0 /* DateHelper.swift in Sources */ = {isa = PBXBuildFile; fileRef = 96DB258A1DCA9FBE0040E2A2 /* DateHelper.swift */; };
		F1EC2EB220444E7800B290B0 /* SubCategoryVC.swift in Sources */ = {isa = PBXBuildFile; fileRef = 9601ACA51DC7E48000FE3145 /* SubCategoryVC.swift */; };
		F1EC2EB320444E7800B290B0 /* DataStack.swift in Sources */ = {isa = PBXBuildFile; fileRef = 96D44C1F1DC6106600753A30 /* DataStack.swift */; };
		F1EC2EB420444E7800B290B0 /* CategoriesVM.swift in Sources */ = {isa = PBXBuildFile; fileRef = 9630B5491DC49C8E0073B16D /* CategoriesVM.swift */; };
		F1EC2EB520444E7800B290B0 /* SubCategoryCell.swift in Sources */ = {isa = PBXBuildFile; fileRef = 9601ACAB1DC7F6E800FE3145 /* SubCategoryCell.swift */; };
		F1EC2EB620444E7800B290B0 /* AppDelegate.swift in Sources */ = {isa = PBXBuildFile; fileRef = 9630B52B1DC495A00073B16D /* AppDelegate.swift */; };
		F1EC2EB820444E7800B290B0 /* CoreData.framework in Frameworks */ = {isa = PBXBuildFile; fileRef = 9601ACA21DC7D67200FE3145 /* CoreData.framework */; };
		F1EC2EB920444E7800B290B0 /* Pods_PizzaMRD.framework in Frameworks */ = {isa = PBXBuildFile; fileRef = DAB35DE2E93ED65670ED161D /* Pods_PizzaMRD.framework */; };
		F1EC2EBB20444E7800B290B0 /* LaunchScreen.storyboard in Resources */ = {isa = PBXBuildFile; fileRef = 9630B5341DC495A00073B16D /* LaunchScreen.storyboard */; };
		F1EC2EBD20444E7800B290B0 /* Main.storyboard in Resources */ = {isa = PBXBuildFile; fileRef = 9630B52F1DC495A00073B16D /* Main.storyboard */; };
		F1EC2EBE20444E7800B290B0 /* Fonts in Resources */ = {isa = PBXBuildFile; fileRef = 9630B5411DC496BD0073B16D /* Fonts */; };
		F1EC2EC020444E7800B290B0 /* MRDDetailsVC~ipad.xib in Resources */ = {isa = PBXBuildFile; fileRef = 96E4163F1DC95B2000939B62 /* MRDDetailsVC~ipad.xib */; };
		F1EC2EC120444E7800B290B0 /* SubCategoryCell.xib in Resources */ = {isa = PBXBuildFile; fileRef = 9601ACAD1DC7F6F700FE3145 /* SubCategoryCell.xib */; };
		F1EC2EC220444E7800B290B0 /* MRDDetailsVC~iphone.xib in Resources */ = {isa = PBXBuildFile; fileRef = 07E6F3171DE9F387000EB387 /* MRDDetailsVC~iphone.xib */; };
		F1EC2EC320444E7800B290B0 /* SubCategoryVC.xib in Resources */ = {isa = PBXBuildFile; fileRef = 9601ACA71DC7E49A00FE3145 /* SubCategoryVC.xib */; };
		F1EC2EC420444E7800B290B0 /* PrintLabelView.xib in Resources */ = {isa = PBXBuildFile; fileRef = 9635D8E01DCADBA000E668EE /* PrintLabelView.xib */; };
		F1EC2EC520444E7800B290B0 /* SubCategoryOptions.xib in Resources */ = {isa = PBXBuildFile; fileRef = 9601ACAF1DC8049C00FE3145 /* SubCategoryOptions.xib */; };
		F1EC2EC620444E7800B290B0 /* SubCategoryOptionCell.xib in Resources */ = {isa = PBXBuildFile; fileRef = 9601ACB51DC8075D00FE3145 /* SubCategoryOptionCell.xib */; };
		F1EC2EC720444E7800B290B0 /* MRDPrintView.xib in Resources */ = {isa = PBXBuildFile; fileRef = 0743A12F1DECDF3D00EAF6A3 /* MRDPrintView.xib */; };
		F1EC2EC820444E7800B290B0 /* CategoriesCell.xib in Resources */ = {isa = PBXBuildFile; fileRef = 9630B5461DC49BE30073B16D /* CategoriesCell.xib */; };
		F1EC2ED12044577800B290B0 /* MRHMRD.db in Resources */ = {isa = PBXBuildFile; fileRef = F1EC2ED02044577600B290B0 /* MRHMRD.db */; };
		F1EC2ED520445CAC00B290B0 /* MRDDetailsVM.swift in Sources */ = {isa = PBXBuildFile; fileRef = 96E416431DC95BB500939B62 /* MRDDetailsVM.swift */; };
		F1EC2ED620445CAC00B290B0 /* SubCategoryOptionsVM.swift in Sources */ = {isa = PBXBuildFile; fileRef = 96E416381DC93A2D00939B62 /* SubCategoryOptionsVM.swift */; };
		F1EC2ED720445CAC00B290B0 /* PrintLabelView.swift in Sources */ = {isa = PBXBuildFile; fileRef = 9635D8E21DCADBB000E668EE /* PrintLabelView.swift */; };
		F1EC2ED820445CAC00B290B0 /* CategoriesCell.swift in Sources */ = {isa = PBXBuildFile; fileRef = 9630B5451DC49BE30073B16D /* CategoriesCell.swift */; };
		F1EC2ED920445CAC00B290B0 /* SubCategoryOptions.swift in Sources */ = {isa = PBXBuildFile; fileRef = 9601ACB11DC804B300FE3145 /* SubCategoryOptions.swift */; };
		F1EC2EDA20445CAC00B290B0 /* MRDDetailsVC.swift in Sources */ = {isa = PBXBuildFile; fileRef = 96E416411DC95B5500939B62 /* MRDDetailsVC.swift */; };
		F1EC2EDB20445CAC00B290B0 /* MRDPrintView.swift in Sources */ = {isa = PBXBuildFile; fileRef = 0743A1311DECEC7C00EAF6A3 /* MRDPrintView.swift */; };
		F1EC2EDC20445CAC00B290B0 /* SubCategoryVM.swift in Sources */ = {isa = PBXBuildFile; fileRef = 9601ACA91DC7E5B500FE3145 /* SubCategoryVM.swift */; };
		F1EC2EDD20445CAC00B290B0 /* SubCategoryOptionCell.swift in Sources */ = {isa = PBXBuildFile; fileRef = 9601ACB31DC8074A00FE3145 /* SubCategoryOptionCell.swift */; };
		F1EC2EDE20445CAC00B290B0 /* AlertWindowView.swift in Sources */ = {isa = PBXBuildFile; fileRef = 96E4163A1DC9511C00939B62 /* AlertWindowView.swift */; };
		F1EC2EDF20445CAC00B290B0 /* ViewController.swift in Sources */ = {isa = PBXBuildFile; fileRef = 9630B52D1DC495A00073B16D /* ViewController.swift */; };
		F1EC2EE020445CAC00B290B0 /* DateHelper.swift in Sources */ = {isa = PBXBuildFile; fileRef = 96DB258A1DCA9FBE0040E2A2 /* DateHelper.swift */; };
		F1EC2EE220445CAC00B290B0 /* SubCategoryVC.swift in Sources */ = {isa = PBXBuildFile; fileRef = 9601ACA51DC7E48000FE3145 /* SubCategoryVC.swift */; };
		F1EC2EE320445CAC00B290B0 /* DataStack.swift in Sources */ = {isa = PBXBuildFile; fileRef = 96D44C1F1DC6106600753A30 /* DataStack.swift */; };
		F1EC2EE420445CAC00B290B0 /* CategoriesVM.swift in Sources */ = {isa = PBXBuildFile; fileRef = 9630B5491DC49C8E0073B16D /* CategoriesVM.swift */; };
		F1EC2EE520445CAC00B290B0 /* SubCategoryCell.swift in Sources */ = {isa = PBXBuildFile; fileRef = 9601ACAB1DC7F6E800FE3145 /* SubCategoryCell.swift */; };
		F1EC2EE620445CAC00B290B0 /* AppDelegate.swift in Sources */ = {isa = PBXBuildFile; fileRef = 9630B52B1DC495A00073B16D /* AppDelegate.swift */; };
		F1EC2EE820445CAC00B290B0 /* CoreData.framework in Frameworks */ = {isa = PBXBuildFile; fileRef = 9601ACA21DC7D67200FE3145 /* CoreData.framework */; };
		F1EC2EE920445CAC00B290B0 /* Pods_PizzaMRD.framework in Frameworks */ = {isa = PBXBuildFile; fileRef = DAB35DE2E93ED65670ED161D /* Pods_PizzaMRD.framework */; };
		F1EC2EEA20445CAC00B290B0 /* Pods_MRHMRD.framework in Frameworks */ = {isa = PBXBuildFile; fileRef = EB08F32598A56B0B2E4E89B4 /* Pods_MRHMRD.framework */; };
		F1EC2EEC20445CAC00B290B0 /* LaunchScreen.storyboard in Resources */ = {isa = PBXBuildFile; fileRef = 9630B5341DC495A00073B16D /* LaunchScreen.storyboard */; };
		F1EC2EED20445CAC00B290B0 /* Main.storyboard in Resources */ = {isa = PBXBuildFile; fileRef = 9630B52F1DC495A00073B16D /* Main.storyboard */; };
		F1EC2EEE20445CAC00B290B0 /* Fonts in Resources */ = {isa = PBXBuildFile; fileRef = 9630B5411DC496BD0073B16D /* Fonts */; };
		F1EC2EF020445CAC00B290B0 /* MRDDetailsVC~ipad.xib in Resources */ = {isa = PBXBuildFile; fileRef = 96E4163F1DC95B2000939B62 /* MRDDetailsVC~ipad.xib */; };
		F1EC2EF120445CAC00B290B0 /* SubCategoryCell.xib in Resources */ = {isa = PBXBuildFile; fileRef = 9601ACAD1DC7F6F700FE3145 /* SubCategoryCell.xib */; };
		F1EC2EF220445CAC00B290B0 /* MRDDetailsVC~iphone.xib in Resources */ = {isa = PBXBuildFile; fileRef = 07E6F3171DE9F387000EB387 /* MRDDetailsVC~iphone.xib */; };
		F1EC2EF320445CAC00B290B0 /* MRHMRD.db in Resources */ = {isa = PBXBuildFile; fileRef = F1EC2ED02044577600B290B0 /* MRHMRD.db */; };
		F1EC2EF420445CAC00B290B0 /* SubCategoryVC.xib in Resources */ = {isa = PBXBuildFile; fileRef = 9601ACA71DC7E49A00FE3145 /* SubCategoryVC.xib */; };
		F1EC2EF520445CAC00B290B0 /* PrintLabelView.xib in Resources */ = {isa = PBXBuildFile; fileRef = 9635D8E01DCADBA000E668EE /* PrintLabelView.xib */; };
		F1EC2EF620445CAC00B290B0 /* SubCategoryOptions.xib in Resources */ = {isa = PBXBuildFile; fileRef = 9601ACAF1DC8049C00FE3145 /* SubCategoryOptions.xib */; };
		F1EC2EF720445CAC00B290B0 /* SubCategoryOptionCell.xib in Resources */ = {isa = PBXBuildFile; fileRef = 9601ACB51DC8075D00FE3145 /* SubCategoryOptionCell.xib */; };
		F1EC2EF820445CAC00B290B0 /* MRDPrintView.xib in Resources */ = {isa = PBXBuildFile; fileRef = 0743A12F1DECDF3D00EAF6A3 /* MRDPrintView.xib */; };
		F1EC2EF920445CAC00B290B0 /* CategoriesCell.xib in Resources */ = {isa = PBXBuildFile; fileRef = 9630B5461DC49BE30073B16D /* CategoriesCell.xib */; };
		F1EC2F0220445D1A00B290B0 /* SWMRD.db in Resources */ = {isa = PBXBuildFile; fileRef = F1EC2F0120445D1900B290B0 /* SWMRD.db */; };
		F1EC2F0520455BD100B290B0 /* BestBeforePrintView.xib in Resources */ = {isa = PBXBuildFile; fileRef = F1EC2F0420455BD100B290B0 /* BestBeforePrintView.xib */; };
		F1EC2F0620455BD100B290B0 /* BestBeforePrintView.xib in Resources */ = {isa = PBXBuildFile; fileRef = F1EC2F0420455BD100B290B0 /* BestBeforePrintView.xib */; };
		F1EC2F0720455BD100B290B0 /* BestBeforePrintView.xib in Resources */ = {isa = PBXBuildFile; fileRef = F1EC2F0420455BD100B290B0 /* BestBeforePrintView.xib */; };
		F1EC2F0920455BE800B290B0 /* BestBeforePrintView.swift in Sources */ = {isa = PBXBuildFile; fileRef = F1EC2F0820455BE800B290B0 /* BestBeforePrintView.swift */; };
		F1EC2F0A20455BE800B290B0 /* BestBeforePrintView.swift in Sources */ = {isa = PBXBuildFile; fileRef = F1EC2F0820455BE800B290B0 /* BestBeforePrintView.swift */; };
		F1EC2F0B20455BE800B290B0 /* BestBeforePrintView.swift in Sources */ = {isa = PBXBuildFile; fileRef = F1EC2F0820455BE800B290B0 /* BestBeforePrintView.swift */; };
/* End PBXBuildFile section */

/* Begin PBXFileReference section */
		0743A12F1DECDF3D00EAF6A3 /* MRDPrintView.xib */ = {isa = PBXFileReference; fileEncoding = 4; lastKnownFileType = file.xib; path = MRDPrintView.xib; sourceTree = "<group>"; };
		0743A1311DECEC7C00EAF6A3 /* MRDPrintView.swift */ = {isa = PBXFileReference; fileEncoding = 4; lastKnownFileType = sourcecode.swift; path = MRDPrintView.swift; sourceTree = "<group>"; };
		0783F1BB203CC1D3008A4269 /* PHMRD.db */ = {isa = PBXFileReference; lastKnownFileType = file; path = PHMRD.db; sourceTree = "<group>"; };
		07E6F3171DE9F387000EB387 /* MRDDetailsVC~iphone.xib */ = {isa = PBXFileReference; fileEncoding = 4; lastKnownFileType = file.xib; path = "MRDDetailsVC~iphone.xib"; sourceTree = "<group>"; };
		201F94BA7E80C815FA195A1B /* Pods_SWMRD.framework */ = {isa = PBXFileReference; explicitFileType = wrapper.framework; includeInIndex = 0; path = Pods_SWMRD.framework; sourceTree = BUILT_PRODUCTS_DIR; };
		394A52B28C9E0EE89AAE7FED /* Pods-PizzaMRD.debug.xcconfig */ = {isa = PBXFileReference; includeInIndex = 1; lastKnownFileType = text.xcconfig; name = "Pods-PizzaMRD.debug.xcconfig"; path = "Pods/Target Support Files/Pods-PizzaMRD/Pods-PizzaMRD.debug.xcconfig"; sourceTree = "<group>"; };
		412A8960E6DD8B776C973772 /* Pods-SWMRD.release.xcconfig */ = {isa = PBXFileReference; includeInIndex = 1; lastKnownFileType = text.xcconfig; name = "Pods-SWMRD.release.xcconfig"; path = "Pods/Target Support Files/Pods-SWMRD/Pods-SWMRD.release.xcconfig"; sourceTree = "<group>"; };
		9601ACA21DC7D67200FE3145 /* CoreData.framework */ = {isa = PBXFileReference; lastKnownFileType = wrapper.framework; name = CoreData.framework; path = System/Library/Frameworks/CoreData.framework; sourceTree = SDKROOT; };
		9601ACA51DC7E48000FE3145 /* SubCategoryVC.swift */ = {isa = PBXFileReference; fileEncoding = 4; lastKnownFileType = sourcecode.swift; path = SubCategoryVC.swift; sourceTree = "<group>"; };
		9601ACA71DC7E49A00FE3145 /* SubCategoryVC.xib */ = {isa = PBXFileReference; fileEncoding = 4; lastKnownFileType = file.xib; path = SubCategoryVC.xib; sourceTree = "<group>"; };
		9601ACA91DC7E5B500FE3145 /* SubCategoryVM.swift */ = {isa = PBXFileReference; fileEncoding = 4; lastKnownFileType = sourcecode.swift; path = SubCategoryVM.swift; sourceTree = "<group>"; };
		9601ACAB1DC7F6E800FE3145 /* SubCategoryCell.swift */ = {isa = PBXFileReference; fileEncoding = 4; lastKnownFileType = sourcecode.swift; path = SubCategoryCell.swift; sourceTree = "<group>"; };
		9601ACAD1DC7F6F700FE3145 /* SubCategoryCell.xib */ = {isa = PBXFileReference; fileEncoding = 4; lastKnownFileType = file.xib; path = SubCategoryCell.xib; sourceTree = "<group>"; };
		9601ACAF1DC8049C00FE3145 /* SubCategoryOptions.xib */ = {isa = PBXFileReference; fileEncoding = 4; lastKnownFileType = file.xib; path = SubCategoryOptions.xib; sourceTree = "<group>"; };
		9601ACB11DC804B300FE3145 /* SubCategoryOptions.swift */ = {isa = PBXFileReference; fileEncoding = 4; lastKnownFileType = sourcecode.swift; path = SubCategoryOptions.swift; sourceTree = "<group>"; };
		9601ACB31DC8074A00FE3145 /* SubCategoryOptionCell.swift */ = {isa = PBXFileReference; fileEncoding = 4; lastKnownFileType = sourcecode.swift; path = SubCategoryOptionCell.swift; sourceTree = "<group>"; };
		9601ACB51DC8075D00FE3145 /* SubCategoryOptionCell.xib */ = {isa = PBXFileReference; fileEncoding = 4; lastKnownFileType = file.xib; path = SubCategoryOptionCell.xib; sourceTree = "<group>"; };
		9630B5281DC495A00073B16D /* PizzaMRD.app */ = {isa = PBXFileReference; explicitFileType = wrapper.application; includeInIndex = 0; path = PizzaMRD.app; sourceTree = BUILT_PRODUCTS_DIR; };
		9630B52B1DC495A00073B16D /* AppDelegate.swift */ = {isa = PBXFileReference; lastKnownFileType = sourcecode.swift; path = AppDelegate.swift; sourceTree = "<group>"; };
		9630B52D1DC495A00073B16D /* ViewController.swift */ = {isa = PBXFileReference; lastKnownFileType = sourcecode.swift; path = ViewController.swift; sourceTree = "<group>"; };
		9630B5301DC495A00073B16D /* Base */ = {isa = PBXFileReference; lastKnownFileType = file.storyboard; name = Base; path = Base.lproj/Main.storyboard; sourceTree = "<group>"; };
		9630B5321DC495A00073B16D /* Assets.xcassets */ = {isa = PBXFileReference; lastKnownFileType = folder.assetcatalog; path = Assets.xcassets; sourceTree = "<group>"; };
		9630B5351DC495A00073B16D /* Base */ = {isa = PBXFileReference; lastKnownFileType = file.storyboard; name = Base; path = Base.lproj/LaunchScreen.storyboard; sourceTree = "<group>"; };
		9630B5371DC495A00073B16D /* Info.plist */ = {isa = PBXFileReference; lastKnownFileType = text.plist.xml; path = Info.plist; sourceTree = "<group>"; };
		9630B5411DC496BD0073B16D /* Fonts */ = {isa = PBXFileReference; lastKnownFileType = folder; path = Fonts; sourceTree = "<group>"; };
		9630B5451DC49BE30073B16D /* CategoriesCell.swift */ = {isa = PBXFileReference; fileEncoding = 4; lastKnownFileType = sourcecode.swift; path = CategoriesCell.swift; sourceTree = "<group>"; };
		9630B5461DC49BE30073B16D /* CategoriesCell.xib */ = {isa = PBXFileReference; fileEncoding = 4; lastKnownFileType = file.xib; path = CategoriesCell.xib; sourceTree = "<group>"; };
		9630B5491DC49C8E0073B16D /* CategoriesVM.swift */ = {isa = PBXFileReference; fileEncoding = 4; lastKnownFileType = sourcecode.swift; name = CategoriesVM.swift; path = ../CategoriesVM.swift; sourceTree = "<group>"; };
		9635D8E01DCADBA000E668EE /* PrintLabelView.xib */ = {isa = PBXFileReference; fileEncoding = 4; lastKnownFileType = file.xib; path = PrintLabelView.xib; sourceTree = "<group>"; };
		9635D8E21DCADBB000E668EE /* PrintLabelView.swift */ = {isa = PBXFileReference; fileEncoding = 4; lastKnownFileType = sourcecode.swift; path = PrintLabelView.swift; sourceTree = "<group>"; };
		96451CB220535F9000A7522F /* MRHMRD.xcassets */ = {isa = PBXFileReference; lastKnownFileType = folder.assetcatalog; path = MRHMRD.xcassets; sourceTree = "<group>"; };
		96451CB52053693A00A7522F /* SWMRD.xcassets */ = {isa = PBXFileReference; lastKnownFileType = folder.assetcatalog; path = SWMRD.xcassets; sourceTree = "<group>"; };
		96D44C1F1DC6106600753A30 /* DataStack.swift */ = {isa = PBXFileReference; fileEncoding = 4; lastKnownFileType = sourcecode.swift; path = DataStack.swift; sourceTree = "<group>"; };
		96DB258A1DCA9FBE0040E2A2 /* DateHelper.swift */ = {isa = PBXFileReference; fileEncoding = 4; lastKnownFileType = sourcecode.swift; path = DateHelper.swift; sourceTree = "<group>"; };
		96E416381DC93A2D00939B62 /* SubCategoryOptionsVM.swift */ = {isa = PBXFileReference; fileEncoding = 4; lastKnownFileType = sourcecode.swift; path = SubCategoryOptionsVM.swift; sourceTree = "<group>"; };
		96E4163A1DC9511C00939B62 /* AlertWindowView.swift */ = {isa = PBXFileReference; fileEncoding = 4; lastKnownFileType = sourcecode.swift; path = AlertWindowView.swift; sourceTree = "<group>"; };
		96E4163F1DC95B2000939B62 /* MRDDetailsVC~ipad.xib */ = {isa = PBXFileReference; fileEncoding = 4; lastKnownFileType = file.xib; path = "MRDDetailsVC~ipad.xib"; sourceTree = "<group>"; };
		96E416411DC95B5500939B62 /* MRDDetailsVC.swift */ = {isa = PBXFileReference; fileEncoding = 4; lastKnownFileType = sourcecode.swift; path = MRDDetailsVC.swift; sourceTree = "<group>"; };
		96E416431DC95BB500939B62 /* MRDDetailsVM.swift */ = {isa = PBXFileReference; fileEncoding = 4; lastKnownFileType = sourcecode.swift; path = MRDDetailsVM.swift; sourceTree = "<group>"; };
		A6FB7A251E41036AFCD15454 /* Pods-MRHMRD.debug.xcconfig */ = {isa = PBXFileReference; includeInIndex = 1; lastKnownFileType = text.xcconfig; name = "Pods-MRHMRD.debug.xcconfig"; path = "Pods/Target Support Files/Pods-MRHMRD/Pods-MRHMRD.debug.xcconfig"; sourceTree = "<group>"; };
		BB1268311207F1A6D884860C /* Pods-PizzaMRD.release.xcconfig */ = {isa = PBXFileReference; includeInIndex = 1; lastKnownFileType = text.xcconfig; name = "Pods-PizzaMRD.release.xcconfig"; path = "Pods/Target Support Files/Pods-PizzaMRD/Pods-PizzaMRD.release.xcconfig"; sourceTree = "<group>"; };
		DAB35DE2E93ED65670ED161D /* Pods_PizzaMRD.framework */ = {isa = PBXFileReference; explicitFileType = wrapper.framework; includeInIndex = 0; path = Pods_PizzaMRD.framework; sourceTree = BUILT_PRODUCTS_DIR; };
		EB08F32598A56B0B2E4E89B4 /* Pods_MRHMRD.framework */ = {isa = PBXFileReference; explicitFileType = wrapper.framework; includeInIndex = 0; path = Pods_MRHMRD.framework; sourceTree = BUILT_PRODUCTS_DIR; };
		F1EC2ECE20444E7800B290B0 /* MRHMRD.app */ = {isa = PBXFileReference; explicitFileType = wrapper.application; includeInIndex = 0; path = MRHMRD.app; sourceTree = BUILT_PRODUCTS_DIR; };
		F1EC2ECF20444E7800B290B0 /* MRHMRD.plist */ = {isa = PBXFileReference; lastKnownFileType = text.plist.xml; name = MRHMRD.plist; path = /Users/ramana/MRD/MRHMRD.plist; sourceTree = "<absolute>"; };
		F1EC2ED02044577600B290B0 /* MRHMRD.db */ = {isa = PBXFileReference; lastKnownFileType = file; path = MRHMRD.db; sourceTree = "<group>"; };
		F1EC2EFF20445CAC00B290B0 /* SWMRD.app */ = {isa = PBXFileReference; explicitFileType = wrapper.application; includeInIndex = 0; path = SWMRD.app; sourceTree = BUILT_PRODUCTS_DIR; };
		F1EC2F0020445CAD00B290B0 /* SWMRD.plist */ = {isa = PBXFileReference; lastKnownFileType = text.plist.xml; name = SWMRD.plist; path = /Users/ramana/MRD/SWMRD.plist; sourceTree = "<absolute>"; };
		F1EC2F0120445D1900B290B0 /* SWMRD.db */ = {isa = PBXFileReference; lastKnownFileType = file; path = SWMRD.db; sourceTree = "<group>"; };
		F1EC2F0420455BD100B290B0 /* BestBeforePrintView.xib */ = {isa = PBXFileReference; lastKnownFileType = file.xib; path = BestBeforePrintView.xib; sourceTree = "<group>"; };
		F1EC2F0820455BE800B290B0 /* BestBeforePrintView.swift */ = {isa = PBXFileReference; lastKnownFileType = sourcecode.swift; path = BestBeforePrintView.swift; sourceTree = "<group>"; };
		FF910AD7057161BF10A05090 /* Pods-SWMRD.debug.xcconfig */ = {isa = PBXFileReference; includeInIndex = 1; lastKnownFileType = text.xcconfig; name = "Pods-SWMRD.debug.xcconfig"; path = "Pods/Target Support Files/Pods-SWMRD/Pods-SWMRD.debug.xcconfig"; sourceTree = "<group>"; };
		FF985B41AA01370CFD97E2C8 /* Pods-MRHMRD.release.xcconfig */ = {isa = PBXFileReference; includeInIndex = 1; lastKnownFileType = text.xcconfig; name = "Pods-MRHMRD.release.xcconfig"; path = "Pods/Target Support Files/Pods-MRHMRD/Pods-MRHMRD.release.xcconfig"; sourceTree = "<group>"; };
/* End PBXFileReference section */

/* Begin PBXFrameworksBuildPhase section */
		9630B5251DC495A00073B16D /* Frameworks */ = {
			isa = PBXFrameworksBuildPhase;
			buildActionMask = 2147483647;
			files = (
				9601ACA31DC7D67200FE3145 /* CoreData.framework in Frameworks */,
				31D4D3F746051FF5F5921039 /* Pods_PizzaMRD.framework in Frameworks */,
			);
			runOnlyForDeploymentPostprocessing = 0;
		};
		F1EC2EB720444E7800B290B0 /* Frameworks */ = {
			isa = PBXFrameworksBuildPhase;
			buildActionMask = 2147483647;
			files = (
				F1EC2EB820444E7800B290B0 /* CoreData.framework in Frameworks */,
				F1EC2EB920444E7800B290B0 /* Pods_PizzaMRD.framework in Frameworks */,
				19019367F7E14C6D52D99846 /* Pods_MRHMRD.framework in Frameworks */,
			);
			runOnlyForDeploymentPostprocessing = 0;
		};
		F1EC2EE720445CAC00B290B0 /* Frameworks */ = {
			isa = PBXFrameworksBuildPhase;
			buildActionMask = 2147483647;
			files = (
				F1EC2EE820445CAC00B290B0 /* CoreData.framework in Frameworks */,
				F1EC2EE920445CAC00B290B0 /* Pods_PizzaMRD.framework in Frameworks */,
				F1EC2EEA20445CAC00B290B0 /* Pods_MRHMRD.framework in Frameworks */,
				4BB6C20F67EB9A1CC8B88A9B /* Pods_SWMRD.framework in Frameworks */,
			);
			runOnlyForDeploymentPostprocessing = 0;
		};
/* End PBXFrameworksBuildPhase section */

/* Begin PBXGroup section */
		1B002423CAD22218DAA71E63 /* Pods */ = {
			isa = PBXGroup;
			children = (
				394A52B28C9E0EE89AAE7FED /* Pods-PizzaMRD.debug.xcconfig */,
				BB1268311207F1A6D884860C /* Pods-PizzaMRD.release.xcconfig */,
				A6FB7A251E41036AFCD15454 /* Pods-MRHMRD.debug.xcconfig */,
				FF985B41AA01370CFD97E2C8 /* Pods-MRHMRD.release.xcconfig */,
				FF910AD7057161BF10A05090 /* Pods-SWMRD.debug.xcconfig */,
				412A8960E6DD8B776C973772 /* Pods-SWMRD.release.xcconfig */,
			);
			name = Pods;
			sourceTree = "<group>";
		};
		9601ACA11DC7D67200FE3145 /* Frameworks */ = {
			isa = PBXGroup;
			children = (
				9601ACA21DC7D67200FE3145 /* CoreData.framework */,
				DAB35DE2E93ED65670ED161D /* Pods_PizzaMRD.framework */,
				EB08F32598A56B0B2E4E89B4 /* Pods_MRHMRD.framework */,
				201F94BA7E80C815FA195A1B /* Pods_SWMRD.framework */,
			);
			name = Frameworks;
			sourceTree = "<group>";
		};
		9601ACA41DC7E43F00FE3145 /* subCategory */ = {
			isa = PBXGroup;
			children = (
				9601ACA51DC7E48000FE3145 /* SubCategoryVC.swift */,
				9601ACA71DC7E49A00FE3145 /* SubCategoryVC.xib */,
				9601ACA91DC7E5B500FE3145 /* SubCategoryVM.swift */,
				9601ACAB1DC7F6E800FE3145 /* SubCategoryCell.swift */,
				9601ACAD1DC7F6F700FE3145 /* SubCategoryCell.xib */,
				9601ACAF1DC8049C00FE3145 /* SubCategoryOptions.xib */,
				9601ACB11DC804B300FE3145 /* SubCategoryOptions.swift */,
				9601ACB31DC8074A00FE3145 /* SubCategoryOptionCell.swift */,
				9601ACB51DC8075D00FE3145 /* SubCategoryOptionCell.xib */,
				96E416381DC93A2D00939B62 /* SubCategoryOptionsVM.swift */,
			);
			name = subCategory;
			path = SubCategory;
			sourceTree = "<group>";
		};
		9630B51F1DC495A00073B16D = {
			isa = PBXGroup;
			children = (
				9630B52A1DC495A00073B16D /* PizzaMRD */,
				9630B5291DC495A00073B16D /* Products */,
				9601ACA11DC7D67200FE3145 /* Frameworks */,
				1B002423CAD22218DAA71E63 /* Pods */,
				F1EC2ECF20444E7800B290B0 /* MRHMRD.plist */,
				F1EC2F0020445CAD00B290B0 /* SWMRD.plist */,
			);
			sourceTree = "<group>";
		};
		9630B5291DC495A00073B16D /* Products */ = {
			isa = PBXGroup;
			children = (
				9630B5281DC495A00073B16D /* PizzaMRD.app */,
				F1EC2ECE20444E7800B290B0 /* MRHMRD.app */,
				F1EC2EFF20445CAC00B290B0 /* SWMRD.app */,
			);
			name = Products;
			sourceTree = "<group>";
		};
		9630B52A1DC495A00073B16D /* PizzaMRD */ = {
			isa = PBXGroup;
			children = (
				F1EC2F0320455AC100B290B0 /* LabelViews */,
				96E4163C1DC95AB200939B62 /* MRDDetails */,
				9601ACA41DC7E43F00FE3145 /* subCategory */,
				96D44C1B1DC60CD700753A30 /* Model */,
				9630B5441DC49BD30073B16D /* CategoriesCell */,
				9630B5411DC496BD0073B16D /* Fonts */,
				9630B52B1DC495A00073B16D /* AppDelegate.swift */,
				9630B52D1DC495A00073B16D /* ViewController.swift */,
				9630B52F1DC495A00073B16D /* Main.storyboard */,
				9630B5321DC495A00073B16D /* Assets.xcassets */,
				9630B5341DC495A00073B16D /* LaunchScreen.storyboard */,
				9630B5371DC495A00073B16D /* Info.plist */,
				96451CB220535F9000A7522F /* MRHMRD.xcassets */,
				96451CB52053693A00A7522F /* SWMRD.xcassets */,
			);
			path = PizzaMRD;
			sourceTree = "<group>";
		};
		9630B5441DC49BD30073B16D /* CategoriesCell */ = {
			isa = PBXGroup;
			children = (
				9630B5451DC49BE30073B16D /* CategoriesCell.swift */,
				9630B5461DC49BE30073B16D /* CategoriesCell.xib */,
				9630B5491DC49C8E0073B16D /* CategoriesVM.swift */,
			);
			path = CategoriesCell;
			sourceTree = "<group>";
		};
		96D44C1B1DC60CD700753A30 /* Model */ = {
			isa = PBXGroup;
			children = (
				F1EC2F0120445D1900B290B0 /* SWMRD.db */,
				F1EC2ED02044577600B290B0 /* MRHMRD.db */,
				0783F1BB203CC1D3008A4269 /* PHMRD.db */,
				96DB258A1DCA9FBE0040E2A2 /* DateHelper.swift */,
				96D44C1F1DC6106600753A30 /* DataStack.swift */,
				96E4163A1DC9511C00939B62 /* AlertWindowView.swift */,
			);
			path = Model;
			sourceTree = "<group>";
		};
		96E4163C1DC95AB200939B62 /* MRDDetails */ = {
			isa = PBXGroup;
			children = (
				96E4163F1DC95B2000939B62 /* MRDDetailsVC~ipad.xib */,
				96E416411DC95B5500939B62 /* MRDDetailsVC.swift */,
				96E416431DC95BB500939B62 /* MRDDetailsVM.swift */,
				9635D8E01DCADBA000E668EE /* PrintLabelView.xib */,
				9635D8E21DCADBB000E668EE /* PrintLabelView.swift */,
				07E6F3171DE9F387000EB387 /* MRDDetailsVC~iphone.xib */,
			);
			path = MRDDetails;
			sourceTree = "<group>";
		};
		F1EC2F0320455AC100B290B0 /* LabelViews */ = {
			isa = PBXGroup;
			children = (
				0743A12F1DECDF3D00EAF6A3 /* MRDPrintView.xib */,
				0743A1311DECEC7C00EAF6A3 /* MRDPrintView.swift */,
				F1EC2F0420455BD100B290B0 /* BestBeforePrintView.xib */,
				F1EC2F0820455BE800B290B0 /* BestBeforePrintView.swift */,
			);
			path = LabelViews;
			sourceTree = "<group>";
		};
/* End PBXGroup section */

/* Begin PBXNativeTarget section */
		9630B5271DC495A00073B16D /* PizzaMRD */ = {
			isa = PBXNativeTarget;
			buildConfigurationList = 9630B53A1DC495A00073B16D /* Build configuration list for PBXNativeTarget "PizzaMRD" */;
			buildPhases = (
				6458E7C8350AFBDA8BB0678A /* [CP] Check Pods Manifest.lock */,
				9630B5241DC495A00073B16D /* Sources */,
				9630B5251DC495A00073B16D /* Frameworks */,
				9630B5261DC495A00073B16D /* Resources */,
				3D58563B8A45400A9D6A7377 /* [CP] Embed Pods Frameworks */,
				3DDA31D08E28BC695093C041 /* [CP] Copy Pods Resources */,
			);
			buildRules = (
			);
			dependencies = (
			);
			name = PizzaMRD;
			productName = PizzaMRD;
			productReference = 9630B5281DC495A00073B16D /* PizzaMRD.app */;
			productType = "com.apple.product-type.application";
		};
		F1EC2EA220444E7800B290B0 /* MRHMRD */ = {
			isa = PBXNativeTarget;
			buildConfigurationList = F1EC2ECB20444E7800B290B0 /* Build configuration list for PBXNativeTarget "MRHMRD" */;
			buildPhases = (
				F1EC2EA320444E7800B290B0 /* [CP] Check Pods Manifest.lock */,
				F1EC2EA420444E7800B290B0 /* Sources */,
				F1EC2EB720444E7800B290B0 /* Frameworks */,
				F1EC2EBA20444E7800B290B0 /* Resources */,
				F1EC2EC920444E7800B290B0 /* [CP] Embed Pods Frameworks */,
				F1EC2ECA20444E7800B290B0 /* [CP] Copy Pods Resources */,
			);
			buildRules = (
			);
			dependencies = (
			);
			name = MRHMRD;
			productName = PizzaMRD;
			productReference = F1EC2ECE20444E7800B290B0 /* MRHMRD.app */;
			productType = "com.apple.product-type.application";
		};
		F1EC2ED220445CAC00B290B0 /* SWMRD */ = {
			isa = PBXNativeTarget;
			buildConfigurationList = F1EC2EFC20445CAC00B290B0 /* Build configuration list for PBXNativeTarget "SWMRD" */;
			buildPhases = (
				F1EC2ED320445CAC00B290B0 /* [CP] Check Pods Manifest.lock */,
				F1EC2ED420445CAC00B290B0 /* Sources */,
				F1EC2EE720445CAC00B290B0 /* Frameworks */,
				F1EC2EEB20445CAC00B290B0 /* Resources */,
				F1EC2EFA20445CAC00B290B0 /* [CP] Embed Pods Frameworks */,
				F1EC2EFB20445CAC00B290B0 /* [CP] Copy Pods Resources */,
			);
			buildRules = (
			);
			dependencies = (
			);
			name = SWMRD;
			productName = PizzaMRD;
			productReference = F1EC2EFF20445CAC00B290B0 /* SWMRD.app */;
			productType = "com.apple.product-type.application";
		};
/* End PBXNativeTarget section */

/* Begin PBXProject section */
		9630B5201DC495A00073B16D /* Project object */ = {
			isa = PBXProject;
			attributes = {
				LastSwiftUpdateCheck = 0800;
				LastUpgradeCheck = 0800;
				ORGANIZATIONNAME = "Ramana Reddy";
				TargetAttributes = {
					9630B5271DC495A00073B16D = {
						CreatedOnToolsVersion = 8.0;
						DevelopmentTeam = 3BRLGH5MDE;
						ProvisioningStyle = Automatic;
					};
					F1EC2EA220444E7800B290B0 = {
						DevelopmentTeam = 3BRLGH5MDE;
						ProvisioningStyle = Automatic;
					};
					F1EC2ED220445CAC00B290B0 = {
						DevelopmentTeam = 3BRLGH5MDE;
						ProvisioningStyle = Automatic;
					};
				};
			};
			buildConfigurationList = 9630B5231DC495A00073B16D /* Build configuration list for PBXProject "PizzaMRD" */;
			compatibilityVersion = "Xcode 3.2";
			developmentRegion = English;
			hasScannedForEncodings = 0;
			knownRegions = (
				en,
				Base,
			);
			mainGroup = 9630B51F1DC495A00073B16D;
			productRefGroup = 9630B5291DC495A00073B16D /* Products */;
			projectDirPath = "";
			projectRoot = "";
			targets = (
				9630B5271DC495A00073B16D /* PizzaMRD */,
				F1EC2EA220444E7800B290B0 /* MRHMRD */,
				F1EC2ED220445CAC00B290B0 /* SWMRD */,
			);
		};
/* End PBXProject section */

/* Begin PBXResourcesBuildPhase section */
		9630B5261DC495A00073B16D /* Resources */ = {
			isa = PBXResourcesBuildPhase;
			buildActionMask = 2147483647;
			files = (
				076A21191DE64D5D00E7828D /* LaunchScreen.storyboard in Resources */,
				0783F1BC203CC1D3008A4269 /* PHMRD.db in Resources */,
				07E2DFC91DE500F400CBD7F2 /* Main.storyboard in Resources */,
				9630B5421DC496BE0073B16D /* Fonts in Resources */,
				9630B5331DC495A00073B16D /* Assets.xcassets in Resources */,
				96E416401DC95B2000939B62 /* MRDDetailsVC~ipad.xib in Resources */,
				9601ACAE1DC7F6F700FE3145 /* SubCategoryCell.xib in Resources */,
				07E6F3181DE9F387000EB387 /* MRDDetailsVC~iphone.xib in Resources */,
				9601ACA81DC7E49A00FE3145 /* SubCategoryVC.xib in Resources */,
				9635D8E11DCADBA000E668EE /* PrintLabelView.xib in Resources */,
				9601ACB01DC8049C00FE3145 /* SubCategoryOptions.xib in Resources */,
				F1EC2F0520455BD100B290B0 /* BestBeforePrintView.xib in Resources */,
				9601ACB61DC8075D00FE3145 /* SubCategoryOptionCell.xib in Resources */,
				0743A1301DECDF3D00EAF6A3 /* MRDPrintView.xib in Resources */,
				9630B5481DC49BE30073B16D /* CategoriesCell.xib in Resources */,
			);
			runOnlyForDeploymentPostprocessing = 0;
		};
		F1EC2EBA20444E7800B290B0 /* Resources */ = {
			isa = PBXResourcesBuildPhase;
			buildActionMask = 2147483647;
			files = (
				F1EC2EBB20444E7800B290B0 /* LaunchScreen.storyboard in Resources */,
				F1EC2EBD20444E7800B290B0 /* Main.storyboard in Resources */,
				F1EC2EBE20444E7800B290B0 /* Fonts in Resources */,
				F1EC2EC020444E7800B290B0 /* MRDDetailsVC~ipad.xib in Resources */,
				96451CB420535F9A00A7522F /* MRHMRD.xcassets in Resources */,
				F1EC2EC120444E7800B290B0 /* SubCategoryCell.xib in Resources */,
				F1EC2EC220444E7800B290B0 /* MRDDetailsVC~iphone.xib in Resources */,
				F1EC2ED12044577800B290B0 /* MRHMRD.db in Resources */,
				F1EC2EC320444E7800B290B0 /* SubCategoryVC.xib in Resources */,
				F1EC2EC420444E7800B290B0 /* PrintLabelView.xib in Resources */,
				F1EC2EC520444E7800B290B0 /* SubCategoryOptions.xib in Resources */,
				F1EC2F0620455BD100B290B0 /* BestBeforePrintView.xib in Resources */,
				F1EC2EC620444E7800B290B0 /* SubCategoryOptionCell.xib in Resources */,
				F1EC2EC720444E7800B290B0 /* MRDPrintView.xib in Resources */,
				F1EC2EC820444E7800B290B0 /* CategoriesCell.xib in Resources */,
			);
			runOnlyForDeploymentPostprocessing = 0;
		};
		F1EC2EEB20445CAC00B290B0 /* Resources */ = {
			isa = PBXResourcesBuildPhase;
			buildActionMask = 2147483647;
			files = (
				F1EC2EEC20445CAC00B290B0 /* LaunchScreen.storyboard in Resources */,
				F1EC2F0720455BD100B290B0 /* BestBeforePrintView.xib in Resources */,
				F1EC2EED20445CAC00B290B0 /* Main.storyboard in Resources */,
				F1EC2EEE20445CAC00B290B0 /* Fonts in Resources */,
				F1EC2EF020445CAC00B290B0 /* MRDDetailsVC~ipad.xib in Resources */,
				F1EC2EF120445CAC00B290B0 /* SubCategoryCell.xib in Resources */,
				F1EC2EF220445CAC00B290B0 /* MRDDetailsVC~iphone.xib in Resources */,
				F1EC2EF320445CAC00B290B0 /* MRHMRD.db in Resources */,
				F1EC2EF420445CAC00B290B0 /* SubCategoryVC.xib in Resources */,
				F1EC2EF520445CAC00B290B0 /* PrintLabelView.xib in Resources */,
				F1EC2EF620445CAC00B290B0 /* SubCategoryOptions.xib in Resources */,
				96451CB62053693B00A7522F /* SWMRD.xcassets in Resources */,
				F1EC2F0220445D1A00B290B0 /* SWMRD.db in Resources */,
				F1EC2EF720445CAC00B290B0 /* SubCategoryOptionCell.xib in Resources */,
				F1EC2EF820445CAC00B290B0 /* MRDPrintView.xib in Resources */,
				F1EC2EF920445CAC00B290B0 /* CategoriesCell.xib in Resources */,
			);
			runOnlyForDeploymentPostprocessing = 0;
		};
/* End PBXResourcesBuildPhase section */

/* Begin PBXShellScriptBuildPhase section */
		3D58563B8A45400A9D6A7377 /* [CP] Embed Pods Frameworks */ = {
			isa = PBXShellScriptBuildPhase;
			buildActionMask = 2147483647;
			files = (
			);
			inputPaths = (
				"${SRCROOT}/Pods/Target Support Files/Pods-PizzaMRD/Pods-PizzaMRD-frameworks.sh",
				"${BUILT_PRODUCTS_DIR}/SQLite.swift/SQLite.framework",
			);
			name = "[CP] Embed Pods Frameworks";
			outputPaths = (
				"${TARGET_BUILD_DIR}/${FRAMEWORKS_FOLDER_PATH}/SQLite.framework",
			);
			runOnlyForDeploymentPostprocessing = 0;
			shellPath = /bin/sh;
			shellScript = "\"${SRCROOT}/Pods/Target Support Files/Pods-PizzaMRD/Pods-PizzaMRD-frameworks.sh\"\n";
			showEnvVarsInLog = 0;
		};
		3DDA31D08E28BC695093C041 /* [CP] Copy Pods Resources */ = {
			isa = PBXShellScriptBuildPhase;
			buildActionMask = 2147483647;
			files = (
			);
			inputPaths = (
			);
			name = "[CP] Copy Pods Resources";
			outputPaths = (
			);
			runOnlyForDeploymentPostprocessing = 0;
			shellPath = /bin/sh;
			shellScript = "\"${SRCROOT}/Pods/Target Support Files/Pods-PizzaMRD/Pods-PizzaMRD-resources.sh\"\n";
			showEnvVarsInLog = 0;
		};
		6458E7C8350AFBDA8BB0678A /* [CP] Check Pods Manifest.lock */ = {
			isa = PBXShellScriptBuildPhase;
			buildActionMask = 2147483647;
			files = (
			);
			inputPaths = (
				"${PODS_PODFILE_DIR_PATH}/Podfile.lock",
				"${PODS_ROOT}/Manifest.lock",
			);
			name = "[CP] Check Pods Manifest.lock";
			outputPaths = (
				"$(DERIVED_FILE_DIR)/Pods-PizzaMRD-checkManifestLockResult.txt",
			);
			runOnlyForDeploymentPostprocessing = 0;
			shellPath = /bin/sh;
			shellScript = "diff \"${PODS_PODFILE_DIR_PATH}/Podfile.lock\" \"${PODS_ROOT}/Manifest.lock\" > /dev/null\nif [ $? != 0 ] ; then\n    # print error to STDERR\n    echo \"error: The sandbox is not in sync with the Podfile.lock. Run 'pod install' or update your CocoaPods installation.\" >&2\n    exit 1\nfi\n# This output is used by Xcode 'outputs' to avoid re-running this script phase.\necho \"SUCCESS\" > \"${SCRIPT_OUTPUT_FILE_0}\"\n";
			showEnvVarsInLog = 0;
		};
		F1EC2EA320444E7800B290B0 /* [CP] Check Pods Manifest.lock */ = {
			isa = PBXShellScriptBuildPhase;
			buildActionMask = 2147483647;
			files = (
			);
			inputPaths = (
				"${PODS_PODFILE_DIR_PATH}/Podfile.lock",
				"${PODS_ROOT}/Manifest.lock",
			);
			name = "[CP] Check Pods Manifest.lock";
			outputPaths = (
				"$(DERIVED_FILE_DIR)/Pods-MRHMRD-checkManifestLockResult.txt",
			);
			runOnlyForDeploymentPostprocessing = 0;
			shellPath = /bin/sh;
			shellScript = "diff \"${PODS_PODFILE_DIR_PATH}/Podfile.lock\" \"${PODS_ROOT}/Manifest.lock\" > /dev/null\nif [ $? != 0 ] ; then\n    # print error to STDERR\n    echo \"error: The sandbox is not in sync with the Podfile.lock. Run 'pod install' or update your CocoaPods installation.\" >&2\n    exit 1\nfi\n# This output is used by Xcode 'outputs' to avoid re-running this script phase.\necho \"SUCCESS\" > \"${SCRIPT_OUTPUT_FILE_0}\"\n";
			showEnvVarsInLog = 0;
		};
		F1EC2EC920444E7800B290B0 /* [CP] Embed Pods Frameworks */ = {
			isa = PBXShellScriptBuildPhase;
			buildActionMask = 2147483647;
			files = (
			);
			inputPaths = (
				"${SRCROOT}/Pods/Target Support Files/Pods-MRHMRD/Pods-MRHMRD-frameworks.sh",
				"${BUILT_PRODUCTS_DIR}/SQLite.swift/SQLite.framework",
			);
			name = "[CP] Embed Pods Frameworks";
			outputPaths = (
				"${TARGET_BUILD_DIR}/${FRAMEWORKS_FOLDER_PATH}/SQLite.framework",
			);
			runOnlyForDeploymentPostprocessing = 0;
			shellPath = /bin/sh;
			shellScript = "\"${SRCROOT}/Pods/Target Support Files/Pods-MRHMRD/Pods-MRHMRD-frameworks.sh\"\n";
			showEnvVarsInLog = 0;
		};
		F1EC2ECA20444E7800B290B0 /* [CP] Copy Pods Resources */ = {
			isa = PBXShellScriptBuildPhase;
			buildActionMask = 2147483647;
			files = (
			);
			inputPaths = (
			);
			name = "[CP] Copy Pods Resources";
			outputPaths = (
			);
			runOnlyForDeploymentPostprocessing = 0;
			shellPath = /bin/sh;
			shellScript = "\"${SRCROOT}/Pods/Target Support Files/Pods-MRHMRD/Pods-MRHMRD-resources.sh\"\n";
			showEnvVarsInLog = 0;
		};
		F1EC2ED320445CAC00B290B0 /* [CP] Check Pods Manifest.lock */ = {
			isa = PBXShellScriptBuildPhase;
			buildActionMask = 2147483647;
			files = (
			);
			inputPaths = (
				"${PODS_PODFILE_DIR_PATH}/Podfile.lock",
				"${PODS_ROOT}/Manifest.lock",
			);
			name = "[CP] Check Pods Manifest.lock";
			outputPaths = (
				"$(DERIVED_FILE_DIR)/Pods-SWMRD-checkManifestLockResult.txt",
			);
			runOnlyForDeploymentPostprocessing = 0;
			shellPath = /bin/sh;
			shellScript = "diff \"${PODS_PODFILE_DIR_PATH}/Podfile.lock\" \"${PODS_ROOT}/Manifest.lock\" > /dev/null\nif [ $? != 0 ] ; then\n    # print error to STDERR\n    echo \"error: The sandbox is not in sync with the Podfile.lock. Run 'pod install' or update your CocoaPods installation.\" >&2\n    exit 1\nfi\n# This output is used by Xcode 'outputs' to avoid re-running this script phase.\necho \"SUCCESS\" > \"${SCRIPT_OUTPUT_FILE_0}\"\n";
			showEnvVarsInLog = 0;
		};
		F1EC2EFA20445CAC00B290B0 /* [CP] Embed Pods Frameworks */ = {
			isa = PBXShellScriptBuildPhase;
			buildActionMask = 2147483647;
			files = (
			);
			inputPaths = (
				"${SRCROOT}/Pods/Target Support Files/Pods-SWMRD/Pods-SWMRD-frameworks.sh",
				"${BUILT_PRODUCTS_DIR}/SQLite.swift/SQLite.framework",
			);
			name = "[CP] Embed Pods Frameworks";
			outputPaths = (
				"${TARGET_BUILD_DIR}/${FRAMEWORKS_FOLDER_PATH}/SQLite.framework",
			);
			runOnlyForDeploymentPostprocessing = 0;
			shellPath = /bin/sh;
			shellScript = "\"${SRCROOT}/Pods/Target Support Files/Pods-SWMRD/Pods-SWMRD-frameworks.sh\"\n";
			showEnvVarsInLog = 0;
		};
		F1EC2EFB20445CAC00B290B0 /* [CP] Copy Pods Resources */ = {
			isa = PBXShellScriptBuildPhase;
			buildActionMask = 2147483647;
			files = (
			);
			inputPaths = (
			);
			name = "[CP] Copy Pods Resources";
			outputPaths = (
			);
			runOnlyForDeploymentPostprocessing = 0;
			shellPath = /bin/sh;
			shellScript = "\"${SRCROOT}/Pods/Target Support Files/Pods-SWMRD/Pods-SWMRD-resources.sh\"\n";
			showEnvVarsInLog = 0;
		};
/* End PBXShellScriptBuildPhase section */

/* Begin PBXSourcesBuildPhase section */
		9630B5241DC495A00073B16D /* Sources */ = {
			isa = PBXSourcesBuildPhase;
			buildActionMask = 2147483647;
			files = (
				96E416441DC95BB500939B62 /* MRDDetailsVM.swift in Sources */,
				F1EC2F0920455BE800B290B0 /* BestBeforePrintView.swift in Sources */,
				96E416391DC93A2D00939B62 /* SubCategoryOptionsVM.swift in Sources */,
				9635D8E31DCADBB000E668EE /* PrintLabelView.swift in Sources */,
				9630B5471DC49BE30073B16D /* CategoriesCell.swift in Sources */,
				9601ACB21DC804B300FE3145 /* SubCategoryOptions.swift in Sources */,
				96E416421DC95B5500939B62 /* MRDDetailsVC.swift in Sources */,
				0743A1321DECEC7C00EAF6A3 /* MRDPrintView.swift in Sources */,
				9601ACAA1DC7E5B500FE3145 /* SubCategoryVM.swift in Sources */,
				9601ACB41DC8074A00FE3145 /* SubCategoryOptionCell.swift in Sources */,
				96E4163B1DC9511C00939B62 /* AlertWindowView.swift in Sources */,
				9630B52E1DC495A00073B16D /* ViewController.swift in Sources */,
				96DB258B1DCA9FBE0040E2A2 /* DateHelper.swift in Sources */,
				9601ACA61DC7E48000FE3145 /* SubCategoryVC.swift in Sources */,
				96D44C201DC6106600753A30 /* DataStack.swift in Sources */,
				9630B54A1DC49C8E0073B16D /* CategoriesVM.swift in Sources */,
				9601ACAC1DC7F6E800FE3145 /* SubCategoryCell.swift in Sources */,
				9630B52C1DC495A00073B16D /* AppDelegate.swift in Sources */,
			);
			runOnlyForDeploymentPostprocessing = 0;
		};
		F1EC2EA420444E7800B290B0 /* Sources */ = {
			isa = PBXSourcesBuildPhase;
			buildActionMask = 2147483647;
			files = (
				F1EC2EA520444E7800B290B0 /* MRDDetailsVM.swift in Sources */,
				F1EC2F0A20455BE800B290B0 /* BestBeforePrintView.swift in Sources */,
				F1EC2EA620444E7800B290B0 /* SubCategoryOptionsVM.swift in Sources */,
				F1EC2EA720444E7800B290B0 /* PrintLabelView.swift in Sources */,
				F1EC2EA820444E7800B290B0 /* CategoriesCell.swift in Sources */,
				F1EC2EA920444E7800B290B0 /* SubCategoryOptions.swift in Sources */,
				F1EC2EAA20444E7800B290B0 /* MRDDetailsVC.swift in Sources */,
				F1EC2EAB20444E7800B290B0 /* MRDPrintView.swift in Sources */,
				F1EC2EAC20444E7800B290B0 /* SubCategoryVM.swift in Sources */,
				F1EC2EAD20444E7800B290B0 /* SubCategoryOptionCell.swift in Sources */,
				F1EC2EAE20444E7800B290B0 /* AlertWindowView.swift in Sources */,
				F1EC2EAF20444E7800B290B0 /* ViewController.swift in Sources */,
				F1EC2EB020444E7800B290B0 /* DateHelper.swift in Sources */,
				F1EC2EB220444E7800B290B0 /* SubCategoryVC.swift in Sources */,
				F1EC2EB320444E7800B290B0 /* DataStack.swift in Sources */,
				F1EC2EB420444E7800B290B0 /* CategoriesVM.swift in Sources */,
				F1EC2EB520444E7800B290B0 /* SubCategoryCell.swift in Sources */,
				F1EC2EB620444E7800B290B0 /* AppDelegate.swift in Sources */,
			);
			runOnlyForDeploymentPostprocessing = 0;
		};
		F1EC2ED420445CAC00B290B0 /* Sources */ = {
			isa = PBXSourcesBuildPhase;
			buildActionMask = 2147483647;
			files = (
				F1EC2ED520445CAC00B290B0 /* MRDDetailsVM.swift in Sources */,
				F1EC2F0B20455BE800B290B0 /* BestBeforePrintView.swift in Sources */,
				F1EC2ED620445CAC00B290B0 /* SubCategoryOptionsVM.swift in Sources */,
				F1EC2ED720445CAC00B290B0 /* PrintLabelView.swift in Sources */,
				F1EC2ED820445CAC00B290B0 /* CategoriesCell.swift in Sources */,
				F1EC2ED920445CAC00B290B0 /* SubCategoryOptions.swift in Sources */,
				F1EC2EDA20445CAC00B290B0 /* MRDDetailsVC.swift in Sources */,
				F1EC2EDB20445CAC00B290B0 /* MRDPrintView.swift in Sources */,
				F1EC2EDC20445CAC00B290B0 /* SubCategoryVM.swift in Sources */,
				F1EC2EDD20445CAC00B290B0 /* SubCategoryOptionCell.swift in Sources */,
				F1EC2EDE20445CAC00B290B0 /* AlertWindowView.swift in Sources */,
				F1EC2EDF20445CAC00B290B0 /* ViewController.swift in Sources */,
				F1EC2EE020445CAC00B290B0 /* DateHelper.swift in Sources */,
				F1EC2EE220445CAC00B290B0 /* SubCategoryVC.swift in Sources */,
				F1EC2EE320445CAC00B290B0 /* DataStack.swift in Sources */,
				F1EC2EE420445CAC00B290B0 /* CategoriesVM.swift in Sources */,
				F1EC2EE520445CAC00B290B0 /* SubCategoryCell.swift in Sources */,
				F1EC2EE620445CAC00B290B0 /* AppDelegate.swift in Sources */,
			);
			runOnlyForDeploymentPostprocessing = 0;
		};
/* End PBXSourcesBuildPhase section */

/* Begin PBXVariantGroup section */
		9630B52F1DC495A00073B16D /* Main.storyboard */ = {
			isa = PBXVariantGroup;
			children = (
				9630B5301DC495A00073B16D /* Base */,
			);
			name = Main.storyboard;
			sourceTree = "<group>";
		};
		9630B5341DC495A00073B16D /* LaunchScreen.storyboard */ = {
			isa = PBXVariantGroup;
			children = (
				9630B5351DC495A00073B16D /* Base */,
			);
			name = LaunchScreen.storyboard;
			sourceTree = "<group>";
		};
/* End PBXVariantGroup section */

/* Begin XCBuildConfiguration section */
		9630B5381DC495A00073B16D /* Debug */ = {
			isa = XCBuildConfiguration;
			buildSettings = {
				ALWAYS_SEARCH_USER_PATHS = NO;
				CLANG_ANALYZER_NONNULL = YES;
				CLANG_CXX_LANGUAGE_STANDARD = "gnu++0x";
				CLANG_CXX_LIBRARY = "libc++";
				CLANG_ENABLE_MODULES = YES;
				CLANG_ENABLE_OBJC_ARC = YES;
				CLANG_WARN_BOOL_CONVERSION = YES;
				CLANG_WARN_CONSTANT_CONVERSION = YES;
				CLANG_WARN_DIRECT_OBJC_ISA_USAGE = YES_ERROR;
				CLANG_WARN_DOCUMENTATION_COMMENTS = YES;
				CLANG_WARN_EMPTY_BODY = YES;
				CLANG_WARN_ENUM_CONVERSION = YES;
				CLANG_WARN_INFINITE_RECURSION = YES;
				CLANG_WARN_INT_CONVERSION = YES;
				CLANG_WARN_OBJC_ROOT_CLASS = YES_ERROR;
				CLANG_WARN_SUSPICIOUS_MOVES = YES;
				CLANG_WARN_UNREACHABLE_CODE = YES;
				CLANG_WARN__DUPLICATE_METHOD_MATCH = YES;
				"CODE_SIGN_IDENTITY[sdk=iphoneos*]" = "iPhone Developer";
				COPY_PHASE_STRIP = NO;
				DEBUG_INFORMATION_FORMAT = dwarf;
				ENABLE_STRICT_OBJC_MSGSEND = YES;
				ENABLE_TESTABILITY = YES;
				GCC_C_LANGUAGE_STANDARD = gnu99;
				GCC_DYNAMIC_NO_PIC = NO;
				GCC_NO_COMMON_BLOCKS = YES;
				GCC_OPTIMIZATION_LEVEL = 0;
				GCC_PREPROCESSOR_DEFINITIONS = (
					"DEBUG=1",
					"$(inherited)",
				);
				GCC_WARN_64_TO_32_BIT_CONVERSION = YES;
				GCC_WARN_ABOUT_RETURN_TYPE = YES_ERROR;
				GCC_WARN_UNDECLARED_SELECTOR = YES;
				GCC_WARN_UNINITIALIZED_AUTOS = YES_AGGRESSIVE;
				GCC_WARN_UNUSED_FUNCTION = YES;
				GCC_WARN_UNUSED_VARIABLE = YES;
				IPHONEOS_DEPLOYMENT_TARGET = 10.0;
				MTL_ENABLE_DEBUG_INFO = YES;
				ONLY_ACTIVE_ARCH = YES;
				SDKROOT = iphoneos;
				SWIFT_ACTIVE_COMPILATION_CONDITIONS = DEBUG;
				SWIFT_OPTIMIZATION_LEVEL = "-Onone";
				TARGETED_DEVICE_FAMILY = "1,2";
			};
			name = Debug;
		};
		9630B5391DC495A00073B16D /* Release */ = {
			isa = XCBuildConfiguration;
			buildSettings = {
				ALWAYS_SEARCH_USER_PATHS = NO;
				CLANG_ANALYZER_NONNULL = YES;
				CLANG_CXX_LANGUAGE_STANDARD = "gnu++0x";
				CLANG_CXX_LIBRARY = "libc++";
				CLANG_ENABLE_MODULES = YES;
				CLANG_ENABLE_OBJC_ARC = YES;
				CLANG_WARN_BOOL_CONVERSION = YES;
				CLANG_WARN_CONSTANT_CONVERSION = YES;
				CLANG_WARN_DIRECT_OBJC_ISA_USAGE = YES_ERROR;
				CLANG_WARN_DOCUMENTATION_COMMENTS = YES;
				CLANG_WARN_EMPTY_BODY = YES;
				CLANG_WARN_ENUM_CONVERSION = YES;
				CLANG_WARN_INFINITE_RECURSION = YES;
				CLANG_WARN_INT_CONVERSION = YES;
				CLANG_WARN_OBJC_ROOT_CLASS = YES_ERROR;
				CLANG_WARN_SUSPICIOUS_MOVES = YES;
				CLANG_WARN_UNREACHABLE_CODE = YES;
				CLANG_WARN__DUPLICATE_METHOD_MATCH = YES;
				"CODE_SIGN_IDENTITY[sdk=iphoneos*]" = "iPhone Developer";
				COPY_PHASE_STRIP = NO;
				DEBUG_INFORMATION_FORMAT = "dwarf-with-dsym";
				ENABLE_NS_ASSERTIONS = NO;
				ENABLE_STRICT_OBJC_MSGSEND = YES;
				GCC_C_LANGUAGE_STANDARD = gnu99;
				GCC_NO_COMMON_BLOCKS = YES;
				GCC_WARN_64_TO_32_BIT_CONVERSION = YES;
				GCC_WARN_ABOUT_RETURN_TYPE = YES_ERROR;
				GCC_WARN_UNDECLARED_SELECTOR = YES;
				GCC_WARN_UNINITIALIZED_AUTOS = YES_AGGRESSIVE;
				GCC_WARN_UNUSED_FUNCTION = YES;
				GCC_WARN_UNUSED_VARIABLE = YES;
				IPHONEOS_DEPLOYMENT_TARGET = 10.0;
				MTL_ENABLE_DEBUG_INFO = NO;
				SDKROOT = iphoneos;
				SWIFT_OPTIMIZATION_LEVEL = "-Owholemodule";
				TARGETED_DEVICE_FAMILY = "1,2";
				VALIDATE_PRODUCT = YES;
			};
			name = Release;
		};
		9630B53B1DC495A00073B16D /* Debug */ = {
			isa = XCBuildConfiguration;
			baseConfigurationReference = 394A52B28C9E0EE89AAE7FED /* Pods-PizzaMRD.debug.xcconfig */;
			buildSettings = {
				ASSETCATALOG_COMPILER_APPICON_NAME = AppIcon;
				CODE_SIGN_IDENTITY = "iPhone Developer";
				"CODE_SIGN_IDENTITY[sdk=iphoneos*]" = "iPhone Developer";
				CODE_SIGN_STYLE = Automatic;
				DATABASE_FILE_NAME = PHMRD;
				DEVELOPMENT_TEAM = 3BRLGH5MDE;
				INFOPLIST_FILE = PizzaMRD/Info.plist;
				IPHONEOS_DEPLOYMENT_TARGET = 10.0;
				LD_RUNPATH_SEARCH_PATHS = "$(inherited) @executable_path/Frameworks";
				OTHER_SWIFT_FLAGS = "$(inherited) \"-D\" \"COCOAPODS\" -DPH";
				PRODUCT_BUNDLE_IDENTIFIER = com.fintech.phmrd;
				PRODUCT_NAME = "$(TARGET_NAME)";
				PROVISIONING_PROFILE = "";
				PROVISIONING_PROFILE_SPECIFIER = "";
				SWIFT_VERSION = 3.0;
			};
			name = Debug;
		};
		9630B53C1DC495A00073B16D /* Release */ = {
			isa = XCBuildConfiguration;
			baseConfigurationReference = BB1268311207F1A6D884860C /* Pods-PizzaMRD.release.xcconfig */;
			buildSettings = {
				ASSETCATALOG_COMPILER_APPICON_NAME = AppIcon;
				CODE_SIGN_IDENTITY = "iPhone Developer";
				"CODE_SIGN_IDENTITY[sdk=iphoneos*]" = "iPhone Developer";
				CODE_SIGN_STYLE = Automatic;
				DATABASE_FILE_NAME = PHMRD;
				DEVELOPMENT_TEAM = 3BRLGH5MDE;
				INFOPLIST_FILE = PizzaMRD/Info.plist;
				IPHONEOS_DEPLOYMENT_TARGET = 10.0;
				LD_RUNPATH_SEARCH_PATHS = "$(inherited) @executable_path/Frameworks";
				OTHER_SWIFT_FLAGS = "$(inherited) \"-D\" \"COCOAPODS\" -DPH";
				PRODUCT_BUNDLE_IDENTIFIER = com.fintech.phmrd;
				PRODUCT_NAME = "$(TARGET_NAME)";
				PROVISIONING_PROFILE = "";
				PROVISIONING_PROFILE_SPECIFIER = "";
				SWIFT_VERSION = 3.0;
			};
			name = Release;
		};
		F1EC2ECC20444E7800B290B0 /* Debug */ = {
			isa = XCBuildConfiguration;
			baseConfigurationReference = A6FB7A251E41036AFCD15454 /* Pods-MRHMRD.debug.xcconfig */;
			buildSettings = {
				ASSETCATALOG_COMPILER_APPICON_NAME = AppIcon;
				CODE_SIGN_IDENTITY = "iPhone Developer";
				"CODE_SIGN_IDENTITY[sdk=iphoneos*]" = "iPhone Developer";
				CODE_SIGN_STYLE = Automatic;
				DATABASE_FILE_NAME = MRHMRD;
				DEVELOPMENT_TEAM = 3BRLGH5MDE;
				INFOPLIST_FILE = MRHMRD.plist;
				IPHONEOS_DEPLOYMENT_TARGET = 10.0;
				LD_RUNPATH_SEARCH_PATHS = "$(inherited) @executable_path/Frameworks";
				OTHER_SWIFT_FLAGS = "$(inherited) \"-D\" \"COCOAPODS\" -DMRH";
				PRODUCT_BUNDLE_IDENTIFIER = com.fintech.mrhmrd;
				PRODUCT_NAME = "$(TARGET_NAME)";
				PROVISIONING_PROFILE = "";
				PROVISIONING_PROFILE_SPECIFIER = "";
				SWIFT_VERSION = 3.0;
			};
			name = Debug;
		};
		F1EC2ECD20444E7800B290B0 /* Release */ = {
			isa = XCBuildConfiguration;
			baseConfigurationReference = FF985B41AA01370CFD97E2C8 /* Pods-MRHMRD.release.xcconfig */;
			buildSettings = {
				ASSETCATALOG_COMPILER_APPICON_NAME = AppIcon;
				CODE_SIGN_IDENTITY = "iPhone Developer";
				"CODE_SIGN_IDENTITY[sdk=iphoneos*]" = "iPhone Developer";
				CODE_SIGN_STYLE = Automatic;
				DATABASE_FILE_NAME = MRHMRD;
				DEVELOPMENT_TEAM = 3BRLGH5MDE;
				INFOPLIST_FILE = MRHMRD.plist;
				IPHONEOS_DEPLOYMENT_TARGET = 10.0;
				LD_RUNPATH_SEARCH_PATHS = "$(inherited) @executable_path/Frameworks";
				OTHER_SWIFT_FLAGS = "$(inherited) \"-D\" \"COCOAPODS\" -DMRH";
				PRODUCT_BUNDLE_IDENTIFIER = com.fintech.mrhmrd;
				PRODUCT_NAME = "$(TARGET_NAME)";
				PROVISIONING_PROFILE = "";
				PROVISIONING_PROFILE_SPECIFIER = "";
				SWIFT_VERSION = 3.0;
			};
			name = Release;
		};
		F1EC2EFD20445CAC00B290B0 /* Debug */ = {
			isa = XCBuildConfiguration;
			baseConfigurationReference = FF910AD7057161BF10A05090 /* Pods-SWMRD.debug.xcconfig */;
			buildSettings = {
				ASSETCATALOG_COMPILER_APPICON_NAME = AppIcon;
				CODE_SIGN_IDENTITY = "iPhone Developer";
				"CODE_SIGN_IDENTITY[sdk=iphoneos*]" = "iPhone Developer";
				CODE_SIGN_STYLE = Automatic;
				DATABASE_FILE_NAME = SWMRD;
				DEVELOPMENT_TEAM = 3BRLGH5MDE;
				INFOPLIST_FILE = SWMRD.plist;
				IPHONEOS_DEPLOYMENT_TARGET = 10.0;
				LD_RUNPATH_SEARCH_PATHS = "$(inherited) @executable_path/Frameworks";
				OTHER_SWIFT_FLAGS = "$(inherited) \"-D\" \"COCOAPODS\" -DSW";
				PRODUCT_BUNDLE_IDENTIFIER = com.fintech.swmrd;
				PRODUCT_NAME = "$(TARGET_NAME)";
				PROVISIONING_PROFILE = "";
				PROVISIONING_PROFILE_SPECIFIER = "";
				SWIFT_VERSION = 3.0;
			};
			name = Debug;
		};
		F1EC2EFE20445CAC00B290B0 /* Release */ = {
			isa = XCBuildConfiguration;
			baseConfigurationReference = 412A8960E6DD8B776C973772 /* Pods-SWMRD.release.xcconfig */;
			buildSettings = {
				ASSETCATALOG_COMPILER_APPICON_NAME = AppIcon;
				CODE_SIGN_IDENTITY = "iPhone Developer";
				"CODE_SIGN_IDENTITY[sdk=iphoneos*]" = "iPhone Developer";
				CODE_SIGN_STYLE = Automatic;
				DATABASE_FILE_NAME = SWMRD;
				DEVELOPMENT_TEAM = 3BRLGH5MDE;
				INFOPLIST_FILE = SWMRD.plist;
				IPHONEOS_DEPLOYMENT_TARGET = 10.0;
				LD_RUNPATH_SEARCH_PATHS = "$(inherited) @executable_path/Frameworks";
				OTHER_SWIFT_FLAGS = "$(inherited) \"-D\" \"COCOAPODS\" -DSW";
				PRODUCT_BUNDLE_IDENTIFIER = com.fintech.swmrd;
				PRODUCT_NAME = "$(TARGET_NAME)";
				PROVISIONING_PROFILE = "";
				PROVISIONING_PROFILE_SPECIFIER = "";
				SWIFT_VERSION = 3.0;
			};
			name = Release;
		};
/* End XCBuildConfiguration section */

/* Begin XCConfigurationList section */
		9630B5231DC495A00073B16D /* Build configuration list for PBXProject "PizzaMRD" */ = {
			isa = XCConfigurationList;
			buildConfigurations = (
				9630B5381DC495A00073B16D /* Debug */,
				9630B5391DC495A00073B16D /* Release */,
			);
			defaultConfigurationIsVisible = 0;
			defaultConfigurationName = Release;
		};
		9630B53A1DC495A00073B16D /* Build configuration list for PBXNativeTarget "PizzaMRD" */ = {
			isa = XCConfigurationList;
			buildConfigurations = (
				9630B53B1DC495A00073B16D /* Debug */,
				9630B53C1DC495A00073B16D /* Release */,
			);
			defaultConfigurationIsVisible = 0;
			defaultConfigurationName = Release;
		};
		F1EC2ECB20444E7800B290B0 /* Build configuration list for PBXNativeTarget "MRHMRD" */ = {
			isa = XCConfigurationList;
			buildConfigurations = (
				F1EC2ECC20444E7800B290B0 /* Debug */,
				F1EC2ECD20444E7800B290B0 /* Release */,
			);
			defaultConfigurationIsVisible = 0;
			defaultConfigurationName = Release;
		};
		F1EC2EFC20445CAC00B290B0 /* Build configuration list for PBXNativeTarget "SWMRD" */ = {
			isa = XCConfigurationList;
			buildConfigurations = (
				F1EC2EFD20445CAC00B290B0 /* Debug */,
				F1EC2EFE20445CAC00B290B0 /* Release */,
			);
			defaultConfigurationIsVisible = 0;
			defaultConfigurationName = Release;
		};
/* End XCConfigurationList section */
	};
	rootObject = 9630B5201DC495A00073B16D /* Project object */;
}
